
Microsoft Visual Studio Solution File, Format Version 12.00
# Visual Studio Version 17
VisualStudioVersion = 17.9.34728.123
MinimumVisualStudioVersion = 10.0.40219.1
Project("{FAE04EC0-301F-11D3-BF4B-00C04F79EFBC}") = "TruthDetection.API", "TruthDetection.API\TruthDetection.API.csproj", "{40D44A97-CDE8-423A-9A09-0CB3F89A097D}"
EndProject
Project("{FAE04EC0-301F-11D3-BF4B-00C04F79EFBC}") = "TruthDetection.BLL", "TruthDetection.BLL\TruthDetection.BLL.csproj", "{989E4867-29D6-44C2-9181-DA62B467A816}"
EndProject
Project("{FAE04EC0-301F-11D3-BF4B-00C04F79EFBC}") = "TruthDetection.DAL", "TruthDetection.DAL\TruthDetection.DAL.csproj", "{180361C1-0927-47A0-AD83-326836CF6A08}"
EndProject
Global
	GlobalSection(SolutionConfigurationPlatforms) = preSolution
		Debug|Any CPU = Debug|Any CPU
		Release|Any CPU = Release|Any CPU
	EndGlobalSection
	GlobalSection(ProjectConfigurationPlatforms) = postSolution
		{40D44A97-CDE8-423A-9A09-0CB3F89A097D}.Debug|Any CPU.ActiveCfg = Debug|Any CPU
		{40D44A97-CDE8-423A-9A09-0CB3F89A097D}.Debug|Any CPU.Build.0 = Debug|Any CPU
		{40D44A97-CDE8-423A-9A09-0CB3F89A097D}.Release|Any CPU.ActiveCfg = Release|Any CPU
		{40D44A97-CDE8-423A-9A09-0CB3F89A097D}.Release|Any CPU.Build.0 = Release|Any CPU
		{989E4867-29D6-44C2-9181-DA62B467A816}.Debug|Any CPU.ActiveCfg = Debug|Any CPU
		{989E4867-29D6-44C2-9181-DA62B467A816}.Debug|Any CPU.Build.0 = Debug|Any CPU
		{989E4867-29D6-44C2-9181-DA62B467A816}.Release|Any CPU.ActiveCfg = Release|Any CPU
		{989E4867-29D6-44C2-9181-DA62B467A816}.Release|Any CPU.Build.0 = Release|Any CPU
		{180361C1-0927-47A0-AD83-326836CF6A08}.Debug|Any CPU.ActiveCfg = Debug|Any CPU
		{180361C1-0927-47A0-AD83-326836CF6A08}.Debug|Any CPU.Build.0 = Debug|Any CPU
		{180361C1-0927-47A0-AD83-326836CF6A08}.Release|Any CPU.ActiveCfg = Release|Any CPU
		{180361C1-0927-47A0-AD83-326836CF6A08}.Release|Any CPU.Build.0 = Release|Any CPU
	EndGlobalSection
	GlobalSection(SolutionProperties) = preSolution
		HideSolutionNode = FALSE
	EndGlobalSection
	GlobalSection(ExtensibilityGlobals) = postSolution
		SolutionGuid = {4F418296-FCA7-4953-B768-71CE942FA7C6}
	EndGlobalSection
EndGlobal
